
Microsoft Visual Studio Solution File, Format Version 12.00
# Visual Studio Version 16
VisualStudioVersion = 16.0.31702.278
MinimumVisualStudioVersion = 10.0.40219.1
Project("{FAE04EC0-301F-11D3-BF4B-00C04F79EFBC}") = "MSP", "MSP\MSP.csproj", "{D2B7B3C4-13E7-44C1-9039-D732D139173F}"
EndProject
Global
	GlobalSection(SolutionConfigurationPlatforms) = preSolution
		Debug|Any CPU = Debug|Any CPU
		Release|Any CPU = Release|Any CPU
	EndGlobalSection
	GlobalSection(ProjectConfigurationPlatforms) = postSolution
		{D2B7B3C4-13E7-44C1-9039-D732D139173F}.Debug|Any CPU.ActiveCfg = Debug|Any CPU
		{D2B7B3C4-13E7-44C1-9039-D732D139173F}.Debug|Any CPU.Build.0 = Debug|Any CPU
		{D2B7B3C4-13E7-44C1-9039-D732D139173F}.Release|Any CPU.ActiveCfg = Release|Any CPU
		{D2B7B3C4-13E7-44C1-9039-D732D139173F}.Release|Any CPU.Build.0 = Release|Any CPU
	EndGlobalSection
	GlobalSection(SolutionProperties) = preSolution
		HideSolutionNode = FALSE
	EndGlobalSection
	GlobalSection(ExtensibilityGlobals) = postSolution
		SolutionGuid = {661B9B31-8EF8-4223-A8A5-DFA5660545E3}
	EndGlobalSection
EndGlobal
